
Microsoft Visual Studio Solution File, Format Version 12.00
# Visual Studio Version 16
VisualStudioVersion = 16.0.29613.14
MinimumVisualStudioVersion = 10.0.40219.1
Project("{9A19103F-16F7-4668-BE54-9A1E7A4F7556}") = "SimpleFactory", "SimpleFactory\SimpleFactory.csproj", "{092F120B-2088-4D96-B48D-9E0559589456}"
EndProject
Project("{FAE04EC0-301F-11D3-BF4B-00C04F79EFBC}") = "StrategyPattern", "StrategyPattern\StrategyPattern.csproj", "{2FE0730E-4FBE-43AD-A9A2-B19C1D178BDE}"
EndProject
Project("{9A19103F-16F7-4668-BE54-9A1E7A4F7556}") = "Singleton", "Singleton\Singleton.csproj", "{6E0A1F15-2033-467D-9D1D-30FB2869331C}"
EndProject
Project("{9A19103F-16F7-4668-BE54-9A1E7A4F7556}") = "FactoryMethod", "FactoryMethod\FactoryMethod.csproj", "{B4190A19-1757-4604-A826-2C418EA3B8D2}"
EndProject
Project("{9A19103F-16F7-4668-BE54-9A1E7A4F7556}") = "AbstractFactory", "AbstractFactory\AbstractFactory.csproj", "{5C89E45C-0B77-4D82-B1F8-F3A2D01E9989}"
EndProject
Project("{9A19103F-16F7-4668-BE54-9A1E7A4F7556}") = "AbstractFactoryForCSDN", "AbstractFactoryForCSDN\AbstractFactoryForCSDN.csproj", "{C0FF8D0C-E062-4899-A88E-BECE148E822A}"
EndProject
Project("{9A19103F-16F7-4668-BE54-9A1E7A4F7556}") = "BuilderPattern", "BuilderPattern\BuilderPattern.csproj", "{AC765058-A8B4-46B5-8381-BC4D1E8F412A}"
EndProject
Project("{9A19103F-16F7-4668-BE54-9A1E7A4F7556}") = "ProtoTypePattern", "ProtoTypePattern\ProtoTypePattern.csproj", "{AABAA081-2130-4FCC-A921-FC6E49466343}"
EndProject
Project("{9A19103F-16F7-4668-BE54-9A1E7A4F7556}") = "AdapterPattern", "AdapterPattern\AdapterPattern.csproj", "{A51685FB-0754-401E-B36D-61D7DD79A8CC}"
EndProject
Project("{FAE04EC0-301F-11D3-BF4B-00C04F79EFBC}") = "BridgedPattern", "BridgedPattern\BridgedPattern.csproj", "{54A24447-2798-4540-99C0-E18B13C9A4A1}"
EndProject
Global
	GlobalSection(SolutionConfigurationPlatforms) = preSolution
		Debug|Any CPU = Debug|Any CPU
		Release|Any CPU = Release|Any CPU
	EndGlobalSection
	GlobalSection(ProjectConfigurationPlatforms) = postSolution
		{092F120B-2088-4D96-B48D-9E0559589456}.Debug|Any CPU.ActiveCfg = Debug|Any CPU
		{092F120B-2088-4D96-B48D-9E0559589456}.Debug|Any CPU.Build.0 = Debug|Any CPU
		{092F120B-2088-4D96-B48D-9E0559589456}.Release|Any CPU.ActiveCfg = Release|Any CPU
		{092F120B-2088-4D96-B48D-9E0559589456}.Release|Any CPU.Build.0 = Release|Any CPU
		{2FE0730E-4FBE-43AD-A9A2-B19C1D178BDE}.Debug|Any CPU.ActiveCfg = Debug|Any CPU
		{2FE0730E-4FBE-43AD-A9A2-B19C1D178BDE}.Debug|Any CPU.Build.0 = Debug|Any CPU
		{2FE0730E-4FBE-43AD-A9A2-B19C1D178BDE}.Release|Any CPU.ActiveCfg = Release|Any CPU
		{2FE0730E-4FBE-43AD-A9A2-B19C1D178BDE}.Release|Any CPU.Build.0 = Release|Any CPU
		{6E0A1F15-2033-467D-9D1D-30FB2869331C}.Debug|Any CPU.ActiveCfg = Debug|Any CPU
		{6E0A1F15-2033-467D-9D1D-30FB2869331C}.Debug|Any CPU.Build.0 = Debug|Any CPU
		{6E0A1F15-2033-467D-9D1D-30FB2869331C}.Release|Any CPU.ActiveCfg = Release|Any CPU
		{6E0A1F15-2033-467D-9D1D-30FB2869331C}.Release|Any CPU.Build.0 = Release|Any CPU
		{B4190A19-1757-4604-A826-2C418EA3B8D2}.Debug|Any CPU.ActiveCfg = Debug|Any CPU
		{B4190A19-1757-4604-A826-2C418EA3B8D2}.Debug|Any CPU.Build.0 = Debug|Any CPU
		{B4190A19-1757-4604-A826-2C418EA3B8D2}.Release|Any CPU.ActiveCfg = Release|Any CPU
		{B4190A19-1757-4604-A826-2C418EA3B8D2}.Release|Any CPU.Build.0 = Release|Any CPU
		{5C89E45C-0B77-4D82-B1F8-F3A2D01E9989}.Debug|Any CPU.ActiveCfg = Debug|Any CPU
		{5C89E45C-0B77-4D82-B1F8-F3A2D01E9989}.Debug|Any CPU.Build.0 = Debug|Any CPU
		{5C89E45C-0B77-4D82-B1F8-F3A2D01E9989}.Release|Any CPU.ActiveCfg = Release|Any CPU
		{5C89E45C-0B77-4D82-B1F8-F3A2D01E9989}.Release|Any CPU.Build.0 = Release|Any CPU
		{C0FF8D0C-E062-4899-A88E-BECE148E822A}.Debug|Any CPU.ActiveCfg = Debug|Any CPU
		{C0FF8D0C-E062-4899-A88E-BECE148E822A}.Debug|Any CPU.Build.0 = Debug|Any CPU
		{C0FF8D0C-E062-4899-A88E-BECE148E822A}.Release|Any CPU.ActiveCfg = Release|Any CPU
		{C0FF8D0C-E062-4899-A88E-BECE148E822A}.Release|Any CPU.Build.0 = Release|Any CPU
		{AC765058-A8B4-46B5-8381-BC4D1E8F412A}.Debug|Any CPU.ActiveCfg = Debug|Any CPU
		{AC765058-A8B4-46B5-8381-BC4D1E8F412A}.Debug|Any CPU.Build.0 = Debug|Any CPU
		{AC765058-A8B4-46B5-8381-BC4D1E8F412A}.Release|Any CPU.ActiveCfg = Release|Any CPU
		{AC765058-A8B4-46B5-8381-BC4D1E8F412A}.Release|Any CPU.Build.0 = Release|Any CPU
		{AABAA081-2130-4FCC-A921-FC6E49466343}.Debug|Any CPU.ActiveCfg = Debug|Any CPU
		{AABAA081-2130-4FCC-A921-FC6E49466343}.Debug|Any CPU.Build.0 = Debug|Any CPU
		{AABAA081-2130-4FCC-A921-FC6E49466343}.Release|Any CPU.ActiveCfg = Release|Any CPU
		{AABAA081-2130-4FCC-A921-FC6E49466343}.Release|Any CPU.Build.0 = Release|Any CPU
		{A51685FB-0754-401E-B36D-61D7DD79A8CC}.Debug|Any CPU.ActiveCfg = Debug|Any CPU
		{A51685FB-0754-401E-B36D-61D7DD79A8CC}.Debug|Any CPU.Build.0 = Debug|Any CPU
		{A51685FB-0754-401E-B36D-61D7DD79A8CC}.Release|Any CPU.ActiveCfg = Release|Any CPU
		{A51685FB-0754-401E-B36D-61D7DD79A8CC}.Release|Any CPU.Build.0 = Release|Any CPU
		{54A24447-2798-4540-99C0-E18B13C9A4A1}.Debug|Any CPU.ActiveCfg = Debug|Any CPU
		{54A24447-2798-4540-99C0-E18B13C9A4A1}.Debug|Any CPU.Build.0 = Debug|Any CPU
		{54A24447-2798-4540-99C0-E18B13C9A4A1}.Release|Any CPU.ActiveCfg = Release|Any CPU
		{54A24447-2798-4540-99C0-E18B13C9A4A1}.Release|Any CPU.Build.0 = Release|Any CPU
	EndGlobalSection
	GlobalSection(SolutionProperties) = preSolution
		HideSolutionNode = FALSE
	EndGlobalSection
	GlobalSection(ExtensibilityGlobals) = postSolution
		SolutionGuid = {0EDE13DA-538A-4491-AEB0-5EE45E5C4E54}
	EndGlobalSection
EndGlobal
