
Microsoft Visual Studio Solution File, Format Version 12.00
# Visual Studio Version 16
VisualStudioVersion = 16.0.29613.14
MinimumVisualStudioVersion = 10.0.40219.1
Project("{9A19103F-16F7-4668-BE54-9A1E7A4F7556}") = "SimpleFactory", "SimpleFactory\SimpleFactory.csproj", "{092F120B-2088-4D96-B48D-9E0559589456}"
EndProject
Project("{FAE04EC0-301F-11D3-BF4B-00C04F79EFBC}") = "StrategyPattern", "StrategyPattern\StrategyPattern.csproj", "{2FE0730E-4FBE-43AD-A9A2-B19C1D178BDE}"
EndProject
Global
	GlobalSection(SolutionConfigurationPlatforms) = preSolution
		Debug|Any CPU = Debug|Any CPU
		Release|Any CPU = Release|Any CPU
	EndGlobalSection
	GlobalSection(ProjectConfigurationPlatforms) = postSolution
		{092F120B-2088-4D96-B48D-9E0559589456}.Debug|Any CPU.ActiveCfg = Debug|Any CPU
		{092F120B-2088-4D96-B48D-9E0559589456}.Debug|Any CPU.Build.0 = Debug|Any CPU
		{092F120B-2088-4D96-B48D-9E0559589456}.Release|Any CPU.ActiveCfg = Release|Any CPU
		{092F120B-2088-4D96-B48D-9E0559589456}.Release|Any CPU.Build.0 = Release|Any CPU
		{2FE0730E-4FBE-43AD-A9A2-B19C1D178BDE}.Debug|Any CPU.ActiveCfg = Debug|Any CPU
		{2FE0730E-4FBE-43AD-A9A2-B19C1D178BDE}.Debug|Any CPU.Build.0 = Debug|Any CPU
		{2FE0730E-4FBE-43AD-A9A2-B19C1D178BDE}.Release|Any CPU.ActiveCfg = Release|Any CPU
		{2FE0730E-4FBE-43AD-A9A2-B19C1D178BDE}.Release|Any CPU.Build.0 = Release|Any CPU
	EndGlobalSection
	GlobalSection(SolutionProperties) = preSolution
		HideSolutionNode = FALSE
	EndGlobalSection
	GlobalSection(ExtensibilityGlobals) = postSolution
		SolutionGuid = {0EDE13DA-538A-4491-AEB0-5EE45E5C4E54}
	EndGlobalSection
EndGlobal
